// !$*UTF8*$!
{
	archiveVersion = 1;
	classes = {
	};
	objectVersion = 46;
	objects = {

/* Begin PBXBuildFile section */
		164916ABF604A4E510E1526F /* Pods_Take_Me_Out.framework in Frameworks */ = {isa = PBXBuildFile; fileRef = 22096B55CC5D1F07D001933E /* Pods_Take_Me_Out.framework */; };
		421021B546449D4F5BEDFFE6 /* Pods_Take_Me_OutTests.framework in Frameworks */ = {isa = PBXBuildFile; fileRef = 33168061F637212CCEC1DFD0 /* Pods_Take_Me_OutTests.framework */; };
		D65693861D84E80D00DC28FC /* SettingsViewController.swift in Sources */ = {isa = PBXBuildFile; fileRef = D65693851D84E80D00DC28FC /* SettingsViewController.swift */; };
		D65693881D851C4D00DC28FC /* Settings.swift in Sources */ = {isa = PBXBuildFile; fileRef = D65693871D851C4D00DC28FC /* Settings.swift */; };
		D6BF570B1D83A57C009A24C8 /* AppDelegate.swift in Sources */ = {isa = PBXBuildFile; fileRef = D6BF570A1D83A57C009A24C8 /* AppDelegate.swift */; };
		D6BF570D1D83A57D009A24C8 /* HomeViewController.swift in Sources */ = {isa = PBXBuildFile; fileRef = D6BF570C1D83A57D009A24C8 /* HomeViewController.swift */; };
		D6BF57101D83A57D009A24C8 /* Main.storyboard in Resources */ = {isa = PBXBuildFile; fileRef = D6BF570E1D83A57D009A24C8 /* Main.storyboard */; };
		D6BF57121D83A57D009A24C8 /* Assets.xcassets in Resources */ = {isa = PBXBuildFile; fileRef = D6BF57111D83A57D009A24C8 /* Assets.xcassets */; };
		D6BF57151D83A57E009A24C8 /* LaunchScreen.storyboard in Resources */ = {isa = PBXBuildFile; fileRef = D6BF57131D83A57E009A24C8 /* LaunchScreen.storyboard */; };
		D6BF57201D83A57E009A24C8 /* Take_Me_OutTests.swift in Sources */ = {isa = PBXBuildFile; fileRef = D6BF571F1D83A57E009A24C8 /* Take_Me_OutTests.swift */; };
		D6C0BFE81D83D2D90080908A /* PlaceViewController.swift in Sources */ = {isa = PBXBuildFile; fileRef = D6C0BFE71D83D2D90080908A /* PlaceViewController.swift */; };
		D6C0BFEA1D83D4AD0080908A /* Place.swift in Sources */ = {isa = PBXBuildFile; fileRef = D6C0BFE91D83D4AD0080908A /* Place.swift */; };
		D6EB7CC71D84056E0010EC35 /* Extensions.swift in Sources */ = {isa = PBXBuildFile; fileRef = D6EB7CC61D84056E0010EC35 /* Extensions.swift */; };
/* End PBXBuildFile section */

/* Begin PBXContainerItemProxy section */
		D6BF571C1D83A57E009A24C8 /* PBXContainerItemProxy */ = {
			isa = PBXContainerItemProxy;
			containerPortal = D6BF56FF1D83A57B009A24C8 /* Project object */;
			proxyType = 1;
			remoteGlobalIDString = D6BF57061D83A57B009A24C8;
			remoteInfo = "Take Me Out";
		};
/* End PBXContainerItemProxy section */

/* Begin PBXFileReference section */
		22096B55CC5D1F07D001933E /* Pods_Take_Me_Out.framework */ = {isa = PBXFileReference; explicitFileType = wrapper.framework; includeInIndex = 0; path = Pods_Take_Me_Out.framework; sourceTree = BUILT_PRODUCTS_DIR; };
		33168061F637212CCEC1DFD0 /* Pods_Take_Me_OutTests.framework */ = {isa = PBXFileReference; explicitFileType = wrapper.framework; includeInIndex = 0; path = Pods_Take_Me_OutTests.framework; sourceTree = BUILT_PRODUCTS_DIR; };
		3BC6AB39CB7EBA4C8734FDEE /* Pods-Take Me Out.debug.xcconfig */ = {isa = PBXFileReference; includeInIndex = 1; lastKnownFileType = text.xcconfig; name = "Pods-Take Me Out.debug.xcconfig"; path = "Pods/Target Support Files/Pods-Take Me Out/Pods-Take Me Out.debug.xcconfig"; sourceTree = "<group>"; };
		69EA37DE65E87C4576D80F53 /* Pods-Take Me OutTests.debug.xcconfig */ = {isa = PBXFileReference; includeInIndex = 1; lastKnownFileType = text.xcconfig; name = "Pods-Take Me OutTests.debug.xcconfig"; path = "Pods/Target Support Files/Pods-Take Me OutTests/Pods-Take Me OutTests.debug.xcconfig"; sourceTree = "<group>"; };
		78B51A0FEBE1054961940530 /* Pods-Take Me OutTests.release.xcconfig */ = {isa = PBXFileReference; includeInIndex = 1; lastKnownFileType = text.xcconfig; name = "Pods-Take Me OutTests.release.xcconfig"; path = "Pods/Target Support Files/Pods-Take Me OutTests/Pods-Take Me OutTests.release.xcconfig"; sourceTree = "<group>"; };
		C98B0C01FD588F38D8615062 /* Pods-Take Me Out.release.xcconfig */ = {isa = PBXFileReference; includeInIndex = 1; lastKnownFileType = text.xcconfig; name = "Pods-Take Me Out.release.xcconfig"; path = "Pods/Target Support Files/Pods-Take Me Out/Pods-Take Me Out.release.xcconfig"; sourceTree = "<group>"; };
		D65693851D84E80D00DC28FC /* SettingsViewController.swift */ = {isa = PBXFileReference; fileEncoding = 4; lastKnownFileType = sourcecode.swift; path = SettingsViewController.swift; sourceTree = "<group>"; };
		D65693871D851C4D00DC28FC /* Settings.swift */ = {isa = PBXFileReference; fileEncoding = 4; lastKnownFileType = sourcecode.swift; path = Settings.swift; sourceTree = "<group>"; };
		D6BF57071D83A57B009A24C8 /* Take Me Out.app */ = {isa = PBXFileReference; explicitFileType = wrapper.application; includeInIndex = 0; path = "Take Me Out.app"; sourceTree = BUILT_PRODUCTS_DIR; };
		D6BF570A1D83A57C009A24C8 /* AppDelegate.swift */ = {isa = PBXFileReference; lastKnownFileType = sourcecode.swift; path = AppDelegate.swift; sourceTree = "<group>"; };
		D6BF570C1D83A57D009A24C8 /* HomeViewController.swift */ = {isa = PBXFileReference; lastKnownFileType = sourcecode.swift; path = HomeViewController.swift; sourceTree = "<group>"; };
		D6BF570F1D83A57D009A24C8 /* Base */ = {isa = PBXFileReference; lastKnownFileType = file.storyboard; name = Base; path = Base.lproj/Main.storyboard; sourceTree = "<group>"; };
		D6BF57111D83A57D009A24C8 /* Assets.xcassets */ = {isa = PBXFileReference; lastKnownFileType = folder.assetcatalog; path = Assets.xcassets; sourceTree = "<group>"; };
		D6BF57141D83A57E009A24C8 /* Base */ = {isa = PBXFileReference; lastKnownFileType = file.storyboard; name = Base; path = Base.lproj/LaunchScreen.storyboard; sourceTree = "<group>"; };
		D6BF57161D83A57E009A24C8 /* Info.plist */ = {isa = PBXFileReference; lastKnownFileType = text.plist.xml; path = Info.plist; sourceTree = "<group>"; };
		D6BF571B1D83A57E009A24C8 /* Take Me OutTests.xctest */ = {isa = PBXFileReference; explicitFileType = wrapper.cfbundle; includeInIndex = 0; path = "Take Me OutTests.xctest"; sourceTree = BUILT_PRODUCTS_DIR; };
		D6BF571F1D83A57E009A24C8 /* Take_Me_OutTests.swift */ = {isa = PBXFileReference; lastKnownFileType = sourcecode.swift; path = Take_Me_OutTests.swift; sourceTree = "<group>"; };
		D6BF57211D83A57E009A24C8 /* Info.plist */ = {isa = PBXFileReference; lastKnownFileType = text.plist.xml; path = Info.plist; sourceTree = "<group>"; };
		D6C0BFE71D83D2D90080908A /* PlaceViewController.swift */ = {isa = PBXFileReference; fileEncoding = 4; lastKnownFileType = sourcecode.swift; path = PlaceViewController.swift; sourceTree = "<group>"; };
		D6C0BFE91D83D4AD0080908A /* Place.swift */ = {isa = PBXFileReference; fileEncoding = 4; lastKnownFileType = sourcecode.swift; path = Place.swift; sourceTree = "<group>"; };
		D6EB7CC61D84056E0010EC35 /* Extensions.swift */ = {isa = PBXFileReference; fileEncoding = 4; lastKnownFileType = sourcecode.swift; path = Extensions.swift; sourceTree = "<group>"; };
/* End PBXFileReference section */

/* Begin PBXFrameworksBuildPhase section */
		D6BF57041D83A57B009A24C8 /* Frameworks */ = {
			isa = PBXFrameworksBuildPhase;
			buildActionMask = 2147483647;
			files = (
				164916ABF604A4E510E1526F /* Pods_Take_Me_Out.framework in Frameworks */,
			);
			runOnlyForDeploymentPostprocessing = 0;
		};
		D6BF57181D83A57E009A24C8 /* Frameworks */ = {
			isa = PBXFrameworksBuildPhase;
			buildActionMask = 2147483647;
			files = (
				421021B546449D4F5BEDFFE6 /* Pods_Take_Me_OutTests.framework in Frameworks */,
			);
			runOnlyForDeploymentPostprocessing = 0;
		};
/* End PBXFrameworksBuildPhase section */

/* Begin PBXGroup section */
		805DF3CB1DC1D7F0709E1EB0 /* Pods */ = {
			isa = PBXGroup;
			children = (
				3BC6AB39CB7EBA4C8734FDEE /* Pods-Take Me Out.debug.xcconfig */,
				C98B0C01FD588F38D8615062 /* Pods-Take Me Out.release.xcconfig */,
				69EA37DE65E87C4576D80F53 /* Pods-Take Me OutTests.debug.xcconfig */,
				78B51A0FEBE1054961940530 /* Pods-Take Me OutTests.release.xcconfig */,
			);
			name = Pods;
			sourceTree = "<group>";
		};
		9136D4B386E9F600B6085D8A /* Frameworks */ = {
			isa = PBXGroup;
			children = (
				22096B55CC5D1F07D001933E /* Pods_Take_Me_Out.framework */,
				33168061F637212CCEC1DFD0 /* Pods_Take_Me_OutTests.framework */,
			);
			name = Frameworks;
			sourceTree = "<group>";
		};
		D6BF56FE1D83A57B009A24C8 = {
			isa = PBXGroup;
			children = (
				D6BF57091D83A57C009A24C8 /* Take Me Out */,
				D6BF571E1D83A57E009A24C8 /* Take Me OutTests */,
				D6BF57081D83A57B009A24C8 /* Products */,
				805DF3CB1DC1D7F0709E1EB0 /* Pods */,
				9136D4B386E9F600B6085D8A /* Frameworks */,
			);
			sourceTree = "<group>";
		};
		D6BF57081D83A57B009A24C8 /* Products */ = {
			isa = PBXGroup;
			children = (
				D6BF57071D83A57B009A24C8 /* Take Me Out.app */,
				D6BF571B1D83A57E009A24C8 /* Take Me OutTests.xctest */,
			);
			name = Products;
			sourceTree = "<group>";
		};
		D6BF57091D83A57C009A24C8 /* Take Me Out */ = {
			isa = PBXGroup;
			children = (
				D6BF570A1D83A57C009A24C8 /* AppDelegate.swift */,
				D6C0BFE91D83D4AD0080908A /* Place.swift */,
				D6BF570C1D83A57D009A24C8 /* HomeViewController.swift */,
				D65693871D851C4D00DC28FC /* Settings.swift */,
				D6C0BFE71D83D2D90080908A /* PlaceViewController.swift */,
				D65693851D84E80D00DC28FC /* SettingsViewController.swift */,
				D6BF570E1D83A57D009A24C8 /* Main.storyboard */,
				D6BF57131D83A57E009A24C8 /* LaunchScreen.storyboard */,
				D6BF57111D83A57D009A24C8 /* Assets.xcassets */,
				D6BF57161D83A57E009A24C8 /* Info.plist */,
				D6EB7CC51D84054B0010EC35 /* Helpers */,
			);
			path = "Take Me Out";
			sourceTree = "<group>";
		};
		D6BF571E1D83A57E009A24C8 /* Take Me OutTests */ = {
			isa = PBXGroup;
			children = (
				D6BF571F1D83A57E009A24C8 /* Take_Me_OutTests.swift */,
				D6BF57211D83A57E009A24C8 /* Info.plist */,
			);
			path = "Take Me OutTests";
			sourceTree = "<group>";
		};
		D6EB7CC51D84054B0010EC35 /* Helpers */ = {
			isa = PBXGroup;
			children = (
				D6EB7CC61D84056E0010EC35 /* Extensions.swift */,
			);
			name = Helpers;
			sourceTree = "<group>";
		};
/* End PBXGroup section */

/* Begin PBXNativeTarget section */
		D6BF57061D83A57B009A24C8 /* Take Me Out */ = {
			isa = PBXNativeTarget;
			buildConfigurationList = D6BF57241D83A57E009A24C8 /* Build configuration list for PBXNativeTarget "Take Me Out" */;
			buildPhases = (
				CC7B8AB65A83589FD2959C1D /* [CP] Check Pods Manifest.lock */,
				D6BF57031D83A57B009A24C8 /* Sources */,
				D6BF57041D83A57B009A24C8 /* Frameworks */,
				D6BF57051D83A57B009A24C8 /* Resources */,
				2C6DC7BBDDBF332EF8A7E84B /* [CP] Embed Pods Frameworks */,
				3308974EEF840030B6B4D6A9 /* [CP] Copy Pods Resources */,
			);
			buildRules = (
			);
			dependencies = (
			);
			name = "Take Me Out";
			productName = "Take Me Out";
			productReference = D6BF57071D83A57B009A24C8 /* Take Me Out.app */;
			productType = "com.apple.product-type.application";
		};
		D6BF571A1D83A57E009A24C8 /* Take Me OutTests */ = {
			isa = PBXNativeTarget;
			buildConfigurationList = D6BF57271D83A57E009A24C8 /* Build configuration list for PBXNativeTarget "Take Me OutTests" */;
			buildPhases = (
				3C20871F63AD7A656EF99182 /* [CP] Check Pods Manifest.lock */,
				D6BF57171D83A57E009A24C8 /* Sources */,
				D6BF57181D83A57E009A24C8 /* Frameworks */,
				D6BF57191D83A57E009A24C8 /* Resources */,
				607C0D8BD7F6BB0B798C9737 /* [CP] Embed Pods Frameworks */,
				2D302A4921AADEE9C8C5E6DA /* [CP] Copy Pods Resources */,
			);
			buildRules = (
			);
			dependencies = (
				D6BF571D1D83A57E009A24C8 /* PBXTargetDependency */,
			);
			name = "Take Me OutTests";
			productName = "Take Me OutTests";
			productReference = D6BF571B1D83A57E009A24C8 /* Take Me OutTests.xctest */;
			productType = "com.apple.product-type.bundle.unit-test";
		};
/* End PBXNativeTarget section */

/* Begin PBXProject section */
		D6BF56FF1D83A57B009A24C8 /* Project object */ = {
			isa = PBXProject;
			attributes = {
				LastSwiftUpdateCheck = 0730;
				LastUpgradeCheck = 0730;
				TargetAttributes = {
					D6BF57061D83A57B009A24C8 = {
						CreatedOnToolsVersion = 7.3.1;
					};
					D6BF571A1D83A57E009A24C8 = {
						CreatedOnToolsVersion = 7.3.1;
						TestTargetID = D6BF57061D83A57B009A24C8;
					};
				};
			};
			buildConfigurationList = D6BF57021D83A57B009A24C8 /* Build configuration list for PBXProject "Take Me Out" */;
			compatibilityVersion = "Xcode 3.2";
			developmentRegion = English;
			hasScannedForEncodings = 0;
			knownRegions = (
				en,
				Base,
			);
			mainGroup = D6BF56FE1D83A57B009A24C8;
			productRefGroup = D6BF57081D83A57B009A24C8 /* Products */;
			projectDirPath = "";
			projectRoot = "";
			targets = (
				D6BF57061D83A57B009A24C8 /* Take Me Out */,
				D6BF571A1D83A57E009A24C8 /* Take Me OutTests */,
			);
		};
/* End PBXProject section */

/* Begin PBXResourcesBuildPhase section */
		D6BF57051D83A57B009A24C8 /* Resources */ = {
			isa = PBXResourcesBuildPhase;
			buildActionMask = 2147483647;
			files = (
				D6BF57151D83A57E009A24C8 /* LaunchScreen.storyboard in Resources */,
				D6BF57121D83A57D009A24C8 /* Assets.xcassets in Resources */,
				D6BF57101D83A57D009A24C8 /* Main.storyboard in Resources */,
			);
			runOnlyForDeploymentPostprocessing = 0;
		};
		D6BF57191D83A57E009A24C8 /* Resources */ = {
			isa = PBXResourcesBuildPhase;
			buildActionMask = 2147483647;
			files = (
			);
			runOnlyForDeploymentPostprocessing = 0;
		};
/* End PBXResourcesBuildPhase section */

/* Begin PBXShellScriptBuildPhase section */
		2C6DC7BBDDBF332EF8A7E84B /* [CP] Embed Pods Frameworks */ = {
			isa = PBXShellScriptBuildPhase;
			buildActionMask = 2147483647;
			files = (
			);
			inputPaths = (
			);
			name = "[CP] Embed Pods Frameworks";
			outputPaths = (
			);
			runOnlyForDeploymentPostprocessing = 0;
			shellPath = /bin/sh;
			shellScript = "\"${SRCROOT}/Pods/Target Support Files/Pods-Take Me Out/Pods-Take Me Out-frameworks.sh\"\n";
			showEnvVarsInLog = 0;
		};
		2D302A4921AADEE9C8C5E6DA /* [CP] Copy Pods Resources */ = {
			isa = PBXShellScriptBuildPhase;
			buildActionMask = 2147483647;
			files = (
			);
			inputPaths = (
			);
			name = "[CP] Copy Pods Resources";
			outputPaths = (
			);
			runOnlyForDeploymentPostprocessing = 0;
			shellPath = /bin/sh;
			shellScript = "\"${SRCROOT}/Pods/Target Support Files/Pods-Take Me OutTests/Pods-Take Me OutTests-resources.sh\"\n";
			showEnvVarsInLog = 0;
		};
		3308974EEF840030B6B4D6A9 /* [CP] Copy Pods Resources */ = {
			isa = PBXShellScriptBuildPhase;
			buildActionMask = 2147483647;
			files = (
			);
			inputPaths = (
			);
			name = "[CP] Copy Pods Resources";
			outputPaths = (
			);
			runOnlyForDeploymentPostprocessing = 0;
			shellPath = /bin/sh;
			shellScript = "\"${SRCROOT}/Pods/Target Support Files/Pods-Take Me Out/Pods-Take Me Out-resources.sh\"\n";
			showEnvVarsInLog = 0;
		};
		3C20871F63AD7A656EF99182 /* [CP] Check Pods Manifest.lock */ = {
			isa = PBXShellScriptBuildPhase;
			buildActionMask = 2147483647;
			files = (
			);
			inputPaths = (
			);
			name = "[CP] Check Pods Manifest.lock";
			outputPaths = (
			);
			runOnlyForDeploymentPostprocessing = 0;
			shellPath = /bin/sh;
			shellScript = "diff \"${PODS_ROOT}/../Podfile.lock\" \"${PODS_ROOT}/Manifest.lock\" > /dev/null\nif [[ $? != 0 ]] ; then\n    cat << EOM\nerror: The sandbox is not in sync with the Podfile.lock. Run 'pod install' or update your CocoaPods installation.\nEOM\n    exit 1\nfi\n";
			showEnvVarsInLog = 0;
		};
		607C0D8BD7F6BB0B798C9737 /* [CP] Embed Pods Frameworks */ = {
			isa = PBXShellScriptBuildPhase;
			buildActionMask = 2147483647;
			files = (
			);
			inputPaths = (
			);
			name = "[CP] Embed Pods Frameworks";
			outputPaths = (
			);
			runOnlyForDeploymentPostprocessing = 0;
			shellPath = /bin/sh;
			shellScript = "\"${SRCROOT}/Pods/Target Support Files/Pods-Take Me OutTests/Pods-Take Me OutTests-frameworks.sh\"\n";
			showEnvVarsInLog = 0;
		};
		CC7B8AB65A83589FD2959C1D /* [CP] Check Pods Manifest.lock */ = {
			isa = PBXShellScriptBuildPhase;
			buildActionMask = 2147483647;
			files = (
			);
			inputPaths = (
			);
			name = "[CP] Check Pods Manifest.lock";
			outputPaths = (
			);
			runOnlyForDeploymentPostprocessing = 0;
			shellPath = /bin/sh;
			shellScript = "diff \"${PODS_ROOT}/../Podfile.lock\" \"${PODS_ROOT}/Manifest.lock\" > /dev/null\nif [[ $? != 0 ]] ; then\n    cat << EOM\nerror: The sandbox is not in sync with the Podfile.lock. Run 'pod install' or update your CocoaPods installation.\nEOM\n    exit 1\nfi\n";
			showEnvVarsInLog = 0;
		};
/* End PBXShellScriptBuildPhase section */

/* Begin PBXSourcesBuildPhase section */
		D6BF57031D83A57B009A24C8 /* Sources */ = {
			isa = PBXSourcesBuildPhase;
			buildActionMask = 2147483647;
			files = (
				D6EB7CC71D84056E0010EC35 /* Extensions.swift in Sources */,
				D6C0BFE81D83D2D90080908A /* PlaceViewController.swift in Sources */,
				D6BF570D1D83A57D009A24C8 /* HomeViewController.swift in Sources */,
				D6BF570B1D83A57C009A24C8 /* AppDelegate.swift in Sources */,
				D65693881D851C4D00DC28FC /* Settings.swift in Sources */,
				D6C0BFEA1D83D4AD0080908A /* Place.swift in Sources */,
				D65693861D84E80D00DC28FC /* SettingsViewController.swift in Sources */,
			);
			runOnlyForDeploymentPostprocessing = 0;
		};
		D6BF57171D83A57E009A24C8 /* Sources */ = {
			isa = PBXSourcesBuildPhase;
			buildActionMask = 2147483647;
			files = (
				D6BF57201D83A57E009A24C8 /* Take_Me_OutTests.swift in Sources */,
			);
			runOnlyForDeploymentPostprocessing = 0;
		};
/* End PBXSourcesBuildPhase section */

/* Begin PBXTargetDependency section */
		D6BF571D1D83A57E009A24C8 /* PBXTargetDependency */ = {
			isa = PBXTargetDependency;
			target = D6BF57061D83A57B009A24C8 /* Take Me Out */;
			targetProxy = D6BF571C1D83A57E009A24C8 /* PBXContainerItemProxy */;
		};
/* End PBXTargetDependency section */

/* Begin PBXVariantGroup section */
		D6BF570E1D83A57D009A24C8 /* Main.storyboard */ = {
			isa = PBXVariantGroup;
			children = (
				D6BF570F1D83A57D009A24C8 /* Base */,
			);
			name = Main.storyboard;
			sourceTree = "<group>";
		};
		D6BF57131D83A57E009A24C8 /* LaunchScreen.storyboard */ = {
			isa = PBXVariantGroup;
			children = (
				D6BF57141D83A57E009A24C8 /* Base */,
			);
			name = LaunchScreen.storyboard;
			sourceTree = "<group>";
		};
/* End PBXVariantGroup section */

/* Begin XCBuildConfiguration section */
		D6BF57221D83A57E009A24C8 /* Debug */ = {
			isa = XCBuildConfiguration;
			buildSettings = {
				ALWAYS_SEARCH_USER_PATHS = NO;
				CLANG_ANALYZER_NONNULL = YES;
				CLANG_CXX_LANGUAGE_STANDARD = "gnu++0x";
				CLANG_CXX_LIBRARY = "libc++";
				CLANG_ENABLE_MODULES = YES;
				CLANG_ENABLE_OBJC_ARC = YES;
				CLANG_WARN_BOOL_CONVERSION = YES;
				CLANG_WARN_CONSTANT_CONVERSION = YES;
				CLANG_WARN_DIRECT_OBJC_ISA_USAGE = YES_ERROR;
				CLANG_WARN_EMPTY_BODY = YES;
				CLANG_WARN_ENUM_CONVERSION = YES;
				CLANG_WARN_INT_CONVERSION = YES;
				CLANG_WARN_OBJC_ROOT_CLASS = YES_ERROR;
				CLANG_WARN_UNREACHABLE_CODE = YES;
				CLANG_WARN__DUPLICATE_METHOD_MATCH = YES;
				"CODE_SIGN_IDENTITY[sdk=iphoneos*]" = "iPhone Developer";
				COPY_PHASE_STRIP = NO;
				DEBUG_INFORMATION_FORMAT = dwarf;
				ENABLE_STRICT_OBJC_MSGSEND = YES;
				ENABLE_TESTABILITY = YES;
				GCC_C_LANGUAGE_STANDARD = gnu99;
				GCC_DYNAMIC_NO_PIC = NO;
				GCC_NO_COMMON_BLOCKS = YES;
				GCC_OPTIMIZATION_LEVEL = 0;
				GCC_PREPROCESSOR_DEFINITIONS = (
					"DEBUG=1",
					"$(inherited)",
				);
				GCC_WARN_64_TO_32_BIT_CONVERSION = YES;
				GCC_WARN_ABOUT_RETURN_TYPE = YES_ERROR;
				GCC_WARN_UNDECLARED_SELECTOR = YES;
				GCC_WARN_UNINITIALIZED_AUTOS = YES_AGGRESSIVE;
				GCC_WARN_UNUSED_FUNCTION = YES;
				GCC_WARN_UNUSED_VARIABLE = YES;
				IPHONEOS_DEPLOYMENT_TARGET = 9.3;
				MTL_ENABLE_DEBUG_INFO = YES;
				ONLY_ACTIVE_ARCH = YES;
				SDKROOT = iphoneos;
				SWIFT_OPTIMIZATION_LEVEL = "-Onone";
				TARGETED_DEVICE_FAMILY = "1,2";
			};
			name = Debug;
		};
		D6BF57231D83A57E009A24C8 /* Release */ = {
			isa = XCBuildConfiguration;
			buildSettings = {
				ALWAYS_SEARCH_USER_PATHS = NO;
				CLANG_ANALYZER_NONNULL = YES;
				CLANG_CXX_LANGUAGE_STANDARD = "gnu++0x";
				CLANG_CXX_LIBRARY = "libc++";
				CLANG_ENABLE_MODULES = YES;
				CLANG_ENABLE_OBJC_ARC = YES;
				CLANG_WARN_BOOL_CONVERSION = YES;
				CLANG_WARN_CONSTANT_CONVERSION = YES;
				CLANG_WARN_DIRECT_OBJC_ISA_USAGE = YES_ERROR;
				CLANG_WARN_EMPTY_BODY = YES;
				CLANG_WARN_ENUM_CONVERSION = YES;
				CLANG_WARN_INT_CONVERSION = YES;
				CLANG_WARN_OBJC_ROOT_CLASS = YES_ERROR;
				CLANG_WARN_UNREACHABLE_CODE = YES;
				CLANG_WARN__DUPLICATE_METHOD_MATCH = YES;
				"CODE_SIGN_IDENTITY[sdk=iphoneos*]" = "iPhone Developer";
				COPY_PHASE_STRIP = NO;
				DEBUG_INFORMATION_FORMAT = "dwarf-with-dsym";
				ENABLE_NS_ASSERTIONS = NO;
				ENABLE_STRICT_OBJC_MSGSEND = YES;
				GCC_C_LANGUAGE_STANDARD = gnu99;
				GCC_NO_COMMON_BLOCKS = YES;
				GCC_WARN_64_TO_32_BIT_CONVERSION = YES;
				GCC_WARN_ABOUT_RETURN_TYPE = YES_ERROR;
				GCC_WARN_UNDECLARED_SELECTOR = YES;
				GCC_WARN_UNINITIALIZED_AUTOS = YES_AGGRESSIVE;
				GCC_WARN_UNUSED_FUNCTION = YES;
				GCC_WARN_UNUSED_VARIABLE = YES;
				IPHONEOS_DEPLOYMENT_TARGET = 9.3;
				MTL_ENABLE_DEBUG_INFO = NO;
				SDKROOT = iphoneos;
				TARGETED_DEVICE_FAMILY = "1,2";
				VALIDATE_PRODUCT = YES;
			};
			name = Release;
		};
		D6BF57251D83A57E009A24C8 /* Debug */ = {
			isa = XCBuildConfiguration;
			baseConfigurationReference = 3BC6AB39CB7EBA4C8734FDEE /* Pods-Take Me Out.debug.xcconfig */;
			buildSettings = {
				ASSETCATALOG_COMPILER_APPICON_NAME = AppIcon;
				INFOPLIST_FILE = "Take Me Out/Info.plist";
				LD_RUNPATH_SEARCH_PATHS = "$(inherited) @executable_path/Frameworks";
				PRODUCT_BUNDLE_IDENTIFIER = "com.takemeout.Take-Me-Out";
				PRODUCT_NAME = "$(TARGET_NAME)";
			};
			name = Debug;
		};
		D6BF57261D83A57E009A24C8 /* Release */ = {
			isa = XCBuildConfiguration;
			baseConfigurationReference = C98B0C01FD588F38D8615062 /* Pods-Take Me Out.release.xcconfig */;
			buildSettings = {
				ASSETCATALOG_COMPILER_APPICON_NAME = AppIcon;
				INFOPLIST_FILE = "Take Me Out/Info.plist";
				LD_RUNPATH_SEARCH_PATHS = "$(inherited) @executable_path/Frameworks";
				PRODUCT_BUNDLE_IDENTIFIER = "com.takemeout.Take-Me-Out";
				PRODUCT_NAME = "$(TARGET_NAME)";
			};
			name = Release;
		};
		D6BF57281D83A57E009A24C8 /* Debug */ = {
			isa = XCBuildConfiguration;
			baseConfigurationReference = 69EA37DE65E87C4576D80F53 /* Pods-Take Me OutTests.debug.xcconfig */;
			buildSettings = {
				BUNDLE_LOADER = "$(TEST_HOST)";
				INFOPLIST_FILE = "Take Me OutTests/Info.plist";
				LD_RUNPATH_SEARCH_PATHS = "$(inherited) @executable_path/Frameworks @loader_path/Frameworks";
				PRODUCT_BUNDLE_IDENTIFIER = "com.takemeout.Take-Me-OutTests";
				PRODUCT_NAME = "$(TARGET_NAME)";
				TEST_HOST = "$(BUILT_PRODUCTS_DIR)/Take Me Out.app/Take Me Out";
			};
			name = Debug;
		};
		D6BF57291D83A57E009A24C8 /* Release */ = {
			isa = XCBuildConfiguration;
			baseConfigurationReference = 78B51A0FEBE1054961940530 /* Pods-Take Me OutTests.release.xcconfig */;
			buildSettings = {
				BUNDLE_LOADER = "$(TEST_HOST)";
				INFOPLIST_FILE = "Take Me OutTests/Info.plist";
				LD_RUNPATH_SEARCH_PATHS = "$(inherited) @executable_path/Frameworks @loader_path/Frameworks";
				PRODUCT_BUNDLE_IDENTIFIER = "com.takemeout.Take-Me-OutTests";
				PRODUCT_NAME = "$(TARGET_NAME)";
				TEST_HOST = "$(BUILT_PRODUCTS_DIR)/Take Me Out.app/Take Me Out";
			};
			name = Release;
		};
/* End XCBuildConfiguration section */

/* Begin XCConfigurationList section */
		D6BF57021D83A57B009A24C8 /* Build configuration list for PBXProject "Take Me Out" */ = {
			isa = XCConfigurationList;
			buildConfigurations = (
				D6BF57221D83A57E009A24C8 /* Debug */,
				D6BF57231D83A57E009A24C8 /* Release */,
			);
			defaultConfigurationIsVisible = 0;
			defaultConfigurationName = Release;
		};
		D6BF57241D83A57E009A24C8 /* Build configuration list for PBXNativeTarget "Take Me Out" */ = {
			isa = XCConfigurationList;
			buildConfigurations = (
				D6BF57251D83A57E009A24C8 /* Debug */,
				D6BF57261D83A57E009A24C8 /* Release */,
			);
			defaultConfigurationIsVisible = 0;
			defaultConfigurationName = Release;
		};
		D6BF57271D83A57E009A24C8 /* Build configuration list for PBXNativeTarget "Take Me OutTests" */ = {
			isa = XCConfigurationList;
			buildConfigurations = (
				D6BF57281D83A57E009A24C8 /* Debug */,
				D6BF57291D83A57E009A24C8 /* Release */,
			);
			defaultConfigurationIsVisible = 0;
			defaultConfigurationName = Release;
		};
/* End XCConfigurationList section */
	};
	rootObject = D6BF56FF1D83A57B009A24C8 /* Project object */;
}
